
Microsoft Visual Studio Solution File, Format Version 12.00
# Visual Studio 14
VisualStudioVersion = 14.0.25420.1
MinimumVisualStudioVersion = 10.0.40219.1
Project("{8BC9CEB8-8B4A-11D0-8D11-00A0C91BC942}") = "TestConnectAndLogin", "TestConnectAndLogin\TestConnectAndLogin.vcxproj", "{C8A85BD0-5A37-40B2-96CC-1E864C90F730}"
EndProject
Project("{8BC9CEB8-8B4A-11D0-8D11-00A0C91BC942}") = "TestRedirection", "TestRedirection\TestRedirection.vcxproj", "{BA1F1382-1C64-4AB1-B858-C5B4FAE2F580}"
EndProject
Project("{8BC9CEB8-8B4A-11D0-8D11-00A0C91BC942}") = "TestSignaling", "TestSignaling\TestSignaling.vcxproj", "{6D25310E-B68E-4E8F-AD29-97DA05982CF0}"
EndProject
Global
	GlobalSection(SolutionConfigurationPlatforms) = preSolution
		Debug|x64 = Debug|x64
		Debug|x86 = Debug|x86
		Release|x64 = Release|x64
		Release|x86 = Release|x86
	EndGlobalSection
	GlobalSection(ProjectConfigurationPlatforms) = postSolution
		{C8A85BD0-5A37-40B2-96CC-1E864C90F730}.Debug|x64.ActiveCfg = Debug|x64
		{C8A85BD0-5A37-40B2-96CC-1E864C90F730}.Debug|x64.Build.0 = Debug|x64
		{C8A85BD0-5A37-40B2-96CC-1E864C90F730}.Debug|x86.ActiveCfg = Debug|Win32
		{C8A85BD0-5A37-40B2-96CC-1E864C90F730}.Debug|x86.Build.0 = Debug|Win32
		{C8A85BD0-5A37-40B2-96CC-1E864C90F730}.Release|x64.ActiveCfg = Release|x64
		{C8A85BD0-5A37-40B2-96CC-1E864C90F730}.Release|x64.Build.0 = Release|x64
		{C8A85BD0-5A37-40B2-96CC-1E864C90F730}.Release|x86.ActiveCfg = Release|Win32
		{C8A85BD0-5A37-40B2-96CC-1E864C90F730}.Release|x86.Build.0 = Release|Win32
		{BA1F1382-1C64-4AB1-B858-C5B4FAE2F580}.Debug|x64.ActiveCfg = Debug|x64
		{BA1F1382-1C64-4AB1-B858-C5B4FAE2F580}.Debug|x64.Build.0 = Debug|x64
		{BA1F1382-1C64-4AB1-B858-C5B4FAE2F580}.Debug|x86.ActiveCfg = Debug|Win32
		{BA1F1382-1C64-4AB1-B858-C5B4FAE2F580}.Debug|x86.Build.0 = Debug|Win32
		{BA1F1382-1C64-4AB1-B858-C5B4FAE2F580}.Release|x64.ActiveCfg = Release|x64
		{BA1F1382-1C64-4AB1-B858-C5B4FAE2F580}.Release|x64.Build.0 = Release|x64
		{BA1F1382-1C64-4AB1-B858-C5B4FAE2F580}.Release|x86.ActiveCfg = Release|Win32
		{BA1F1382-1C64-4AB1-B858-C5B4FAE2F580}.Release|x86.Build.0 = Release|Win32
		{6D25310E-B68E-4E8F-AD29-97DA05982CF0}.Debug|x64.ActiveCfg = Debug|x64
		{6D25310E-B68E-4E8F-AD29-97DA05982CF0}.Debug|x64.Build.0 = Debug|x64
		{6D25310E-B68E-4E8F-AD29-97DA05982CF0}.Debug|x86.ActiveCfg = Debug|Win32
		{6D25310E-B68E-4E8F-AD29-97DA05982CF0}.Debug|x86.Build.0 = Debug|Win32
		{6D25310E-B68E-4E8F-AD29-97DA05982CF0}.Release|x64.ActiveCfg = Release|x64
		{6D25310E-B68E-4E8F-AD29-97DA05982CF0}.Release|x64.Build.0 = Release|x64
		{6D25310E-B68E-4E8F-AD29-97DA05982CF0}.Release|x86.ActiveCfg = Release|Win32
		{6D25310E-B68E-4E8F-AD29-97DA05982CF0}.Release|x86.Build.0 = Release|Win32
	EndGlobalSection
	GlobalSection(SolutionProperties) = preSolution
		HideSolutionNode = FALSE
	EndGlobalSection
EndGlobal
